
Microsoft Visual Studio Solution File, Format Version 12.00
# Visual Studio Version 17
VisualStudioVersion = 17.6.33815.320
MinimumVisualStudioVersion = 10.0.40219.1
Project("{FAE04EC0-301F-11D3-BF4B-00C04F79EFBC}") = "kilencedik_gyak1", "kilencedik_gyak1\kilencedik_gyak1.csproj", "{ABFDC76E-F483-42E9-A5DE-F849F700DCD2}"
EndProject
Global
	GlobalSection(SolutionConfigurationPlatforms) = preSolution
		Debug|Any CPU = Debug|Any CPU
		Release|Any CPU = Release|Any CPU
	EndGlobalSection
	GlobalSection(ProjectConfigurationPlatforms) = postSolution
		{ABFDC76E-F483-42E9-A5DE-F849F700DCD2}.Debug|Any CPU.ActiveCfg = Debug|Any CPU
		{ABFDC76E-F483-42E9-A5DE-F849F700DCD2}.Debug|Any CPU.Build.0 = Debug|Any CPU
		{ABFDC76E-F483-42E9-A5DE-F849F700DCD2}.Release|Any CPU.ActiveCfg = Release|Any CPU
		{ABFDC76E-F483-42E9-A5DE-F849F700DCD2}.Release|Any CPU.Build.0 = Release|Any CPU
	EndGlobalSection
	GlobalSection(SolutionProperties) = preSolution
		HideSolutionNode = FALSE
	EndGlobalSection
	GlobalSection(ExtensibilityGlobals) = postSolution
		SolutionGuid = {8D2E6336-9F0C-4F4A-9A00-B9653238BAAC}
	EndGlobalSection
EndGlobal
